
Microsoft Visual Studio Solution File, Format Version 12.00
# Visual Studio Version 17
VisualStudioVersion = 17.2.32616.157
MinimumVisualStudioVersion = 10.0.40219.1
Project("{FAE04EC0-301F-11D3-BF4B-00C04F79EFBC}") = "csharp-cibi-preferiti", "csharp-cibi-preferiti.csproj", "{495FCEA0-DB74-4DDE-A2B5-08406FDA47F9}"
EndProject
Global
	GlobalSection(SolutionConfigurationPlatforms) = preSolution
		Debug|Any CPU = Debug|Any CPU
		Release|Any CPU = Release|Any CPU
	EndGlobalSection
	GlobalSection(ProjectConfigurationPlatforms) = postSolution
		{495FCEA0-DB74-4DDE-A2B5-08406FDA47F9}.Debug|Any CPU.ActiveCfg = Debug|Any CPU
		{495FCEA0-DB74-4DDE-A2B5-08406FDA47F9}.Debug|Any CPU.Build.0 = Debug|Any CPU
		{495FCEA0-DB74-4DDE-A2B5-08406FDA47F9}.Release|Any CPU.ActiveCfg = Release|Any CPU
		{495FCEA0-DB74-4DDE-A2B5-08406FDA47F9}.Release|Any CPU.Build.0 = Release|Any CPU
	EndGlobalSection
	GlobalSection(SolutionProperties) = preSolution
		HideSolutionNode = FALSE
	EndGlobalSection
	GlobalSection(ExtensibilityGlobals) = postSolution
		SolutionGuid = {C72D6032-29CE-4B6D-866B-2352125B21C7}
	EndGlobalSection
EndGlobal
